
Microsoft Visual Studio Solution File, Format Version 12.00
# Visual Studio Version 17
VisualStudioVersion = 17.5.002.0
MinimumVisualStudioVersion = 10.0.40219.1
Project("{9A19103F-16F7-4668-BE54-9A1E7A4F7556}") = "phuong.DTPM", "phuong.DTPM.csproj", "{AE5B84E9-4402-4987-8B3B-6C741E6277E3}"
EndProject
Global
	GlobalSection(SolutionConfigurationPlatforms) = preSolution
		Debug|Any CPU = Debug|Any CPU
		Release|Any CPU = Release|Any CPU
	EndGlobalSection
	GlobalSection(ProjectConfigurationPlatforms) = postSolution
		{AE5B84E9-4402-4987-8B3B-6C741E6277E3}.Debug|Any CPU.ActiveCfg = Debug|Any CPU
		{AE5B84E9-4402-4987-8B3B-6C741E6277E3}.Debug|Any CPU.Build.0 = Debug|Any CPU
		{AE5B84E9-4402-4987-8B3B-6C741E6277E3}.Release|Any CPU.ActiveCfg = Release|Any CPU
		{AE5B84E9-4402-4987-8B3B-6C741E6277E3}.Release|Any CPU.Build.0 = Release|Any CPU
	EndGlobalSection
	GlobalSection(SolutionProperties) = preSolution
		HideSolutionNode = FALSE
	EndGlobalSection
	GlobalSection(ExtensibilityGlobals) = postSolution
		SolutionGuid = {A0AE2822-D021-4BBA-8B15-6DE2A38E8207}
	EndGlobalSection
EndGlobal
